
Microsoft Visual Studio Solution File, Format Version 12.00
# Visual Studio Version 16
VisualStudioVersion = 16.0.30128.74
MinimumVisualStudioVersion = 10.0.40219.1
Project("{9A19103F-16F7-4668-BE54-9A1E7A4F7556}") = "ConsoleAulaObj", "ConsoleAulaObj.csproj", "{5E73743F-DF86-4AEF-87B4-BF407ECCC908}"
EndProject
Project("{FAE04EC0-301F-11D3-BF4B-00C04F79EFBC}") = "RoboProduto", "..\RoboProduto\RoboProduto.csproj", "{4608985A-114D-4324-B6AD-A14E52BFF34F}"
EndProject
Global
	GlobalSection(SolutionConfigurationPlatforms) = preSolution
		Debug|Any CPU = Debug|Any CPU
		Release|Any CPU = Release|Any CPU
	EndGlobalSection
	GlobalSection(ProjectConfigurationPlatforms) = postSolution
		{5E73743F-DF86-4AEF-87B4-BF407ECCC908}.Debug|Any CPU.ActiveCfg = Debug|Any CPU
		{5E73743F-DF86-4AEF-87B4-BF407ECCC908}.Debug|Any CPU.Build.0 = Debug|Any CPU
		{5E73743F-DF86-4AEF-87B4-BF407ECCC908}.Release|Any CPU.ActiveCfg = Release|Any CPU
		{5E73743F-DF86-4AEF-87B4-BF407ECCC908}.Release|Any CPU.Build.0 = Release|Any CPU
		{4608985A-114D-4324-B6AD-A14E52BFF34F}.Debug|Any CPU.ActiveCfg = Debug|Any CPU
		{4608985A-114D-4324-B6AD-A14E52BFF34F}.Debug|Any CPU.Build.0 = Debug|Any CPU
		{4608985A-114D-4324-B6AD-A14E52BFF34F}.Release|Any CPU.ActiveCfg = Release|Any CPU
		{4608985A-114D-4324-B6AD-A14E52BFF34F}.Release|Any CPU.Build.0 = Release|Any CPU
	EndGlobalSection
	GlobalSection(SolutionProperties) = preSolution
		HideSolutionNode = FALSE
	EndGlobalSection
	GlobalSection(ExtensibilityGlobals) = postSolution
		SolutionGuid = {85949C33-4FDD-496A-99B0-AD7C920756F3}
	EndGlobalSection
EndGlobal
